
Microsoft Visual Studio Solution File, Format Version 12.00
# Visual Studio Version 17
VisualStudioVersion = 17.3.32901.215
MinimumVisualStudioVersion = 10.0.40219.1
Project("{2150E333-8FDC-42A3-9474-1A3956D46DE8}") = "Элементы решения", "Элементы решения", "{6E7A2AA1-214C-42FB-A086-82E95C73F773}"
	ProjectSection(SolutionItems) = preProject
		.gitattributes = .gitattributes
		.gitignore = .gitignore
	EndProjectSection
EndProject
Project("{2150E333-8FDC-42A3-9474-1A3956D46DE8}") = "src", "src", "{9FCB158E-82F3-4656-90C3-45A54BFB864D}"
EndProject
Project("{FAE04EC0-301F-11D3-BF4B-00C04F79EFBC}") = "Publishing.UI", "src\Publishing.UI\Publishing.UI.csproj", "{AB7D7FE1-A49F-4348-8748-0722CCD78754}"
EndProject
Project("{2150E333-8FDC-42A3-9474-1A3956D46DE8}") = "tests", "tests", "{FFA3015B-5245-4B86-951B-1D94EF3D19E3}"
EndProject
Project("{FAE04EC0-301F-11D3-BF4B-00C04F79EFBC}") = "Publishing.Core.Tests", "src\tests\Publishing.Core.Tests\Publishing.Core.Tests.csproj", "{7D985F11-B9A7-4F50-96A6-FBAC77C40371}"
EndProject
Project("{FAE04EC0-301F-11D3-BF4B-00C04F79EFBC}") = "Publishing.Integration.Tests", "src\tests\Publishing.Integration.Tests\Publishing.Integration.Tests.csproj", "{B31180E5-479C-4AF9-A199-2692C7480107}"
EndProject
Project("{9A19103F-16F7-4668-BE54-9A1E7A4F7556}") = "Publishing.Core", "src\Publishing.Core\Publishing.Core.csproj", "{5BEE1912-C60A-4659-A148-167B511A7FB2}"
EndProject
Project("{9A19103F-16F7-4668-BE54-9A1E7A4F7556}") = "Publishing.Infrastructure", "src\Publishing.Infrastructure\Publishing.Infrastructure.csproj", "{231CAED0-18C1-49D4-8FED-53712F50F9DE}"
EndProject
Project("{9A19103F-16F7-4668-BE54-9A1E7A4F7556}") = "Publishing.Services", "src\Publishing.Services\Publishing.Services.csproj", "{FF727600-00AE-423C-BBDF-79CE9A936887}"
EndProject
Project("{9A19103F-16F7-4668-BE54-9A1E7A4F7556}") = "Publishing.Analyzers", "src\Publishing.Analyzers\Publishing.Analyzers.csproj", "{AC103089-64AD-4B26-A15B-2F84A918CD25}"
EndProject
Project("{FAE04EC0-301F-11D3-BF4B-00C04F79EFBC}") = "Publishing.Analyzers.Tests", "src\tests\Publishing.Analyzers.Tests\Publishing.Analyzers.Tests.csproj", "{CE5E9BC3-FA99-48FA-9D32-A5CFD407FFAA}"
EndProject
Project("{FAE04EC0-301F-11D3-BF4B-00C04F79EFBC}") = "Publishing.UI.Tests", "src\tests\Publishing.UI.Tests\Publishing.UI.Tests.csproj", "{44E051FA-33A2-40AE-9F13-47D40DE71DBD}"
EndProject
Project("{9A19103F-16F7-4668-BE54-9A1E7A4F7556}") = "Publishing.AppLayer", "src\Publishing.Application\Publishing.Application.csproj", "{9B9E0E43-9D97-4EC5-90DF-5FF262EE6237}"
EndProject
Global
	GlobalSection(SolutionConfigurationPlatforms) = preSolution
		Debug|Any CPU = Debug|Any CPU
		Release|Any CPU = Release|Any CPU
	EndGlobalSection
	GlobalSection(ProjectConfigurationPlatforms) = postSolution
		{AB7D7FE1-A49F-4348-8748-0722CCD78754}.Debug|Any CPU.ActiveCfg = Debug|Any CPU
		{AB7D7FE1-A49F-4348-8748-0722CCD78754}.Debug|Any CPU.Build.0 = Debug|Any CPU
		{AB7D7FE1-A49F-4348-8748-0722CCD78754}.Release|Any CPU.ActiveCfg = Release|Any CPU
		{AB7D7FE1-A49F-4348-8748-0722CCD78754}.Release|Any CPU.Build.0 = Release|Any CPU
		{7D985F11-B9A7-4F50-96A6-FBAC77C40371}.Debug|Any CPU.ActiveCfg = Debug|Any CPU
		{7D985F11-B9A7-4F50-96A6-FBAC77C40371}.Debug|Any CPU.Build.0 = Debug|Any CPU
		{7D985F11-B9A7-4F50-96A6-FBAC77C40371}.Release|Any CPU.ActiveCfg = Release|Any CPU
		{7D985F11-B9A7-4F50-96A6-FBAC77C40371}.Release|Any CPU.Build.0 = Release|Any CPU
		{B31180E5-479C-4AF9-A199-2692C7480107}.Debug|Any CPU.ActiveCfg = Debug|Any CPU
		{B31180E5-479C-4AF9-A199-2692C7480107}.Debug|Any CPU.Build.0 = Debug|Any CPU
		{B31180E5-479C-4AF9-A199-2692C7480107}.Release|Any CPU.ActiveCfg = Release|Any CPU
		{B31180E5-479C-4AF9-A199-2692C7480107}.Release|Any CPU.Build.0 = Release|Any CPU
		{5BEE1912-C60A-4659-A148-167B511A7FB2}.Debug|Any CPU.ActiveCfg = Debug|Any CPU
		{5BEE1912-C60A-4659-A148-167B511A7FB2}.Debug|Any CPU.Build.0 = Debug|Any CPU
		{5BEE1912-C60A-4659-A148-167B511A7FB2}.Release|Any CPU.ActiveCfg = Release|Any CPU
		{5BEE1912-C60A-4659-A148-167B511A7FB2}.Release|Any CPU.Build.0 = Release|Any CPU
                {231CAED0-18C1-49D4-8FED-53712F50F9DE}.Debug|Any CPU.ActiveCfg = Debug|Any CPU
                {231CAED0-18C1-49D4-8FED-53712F50F9DE}.Debug|Any CPU.Build.0 = Debug|Any CPU
                {231CAED0-18C1-49D4-8FED-53712F50F9DE}.Release|Any CPU.ActiveCfg = Release|Any CPU
                {231CAED0-18C1-49D4-8FED-53712F50F9DE}.Release|Any CPU.Build.0 = Release|Any CPU
                {FF727600-00AE-423C-BBDF-79CE9A936887}.Debug|Any CPU.ActiveCfg = Debug|Any CPU
                {FF727600-00AE-423C-BBDF-79CE9A936887}.Debug|Any CPU.Build.0 = Debug|Any CPU
                {FF727600-00AE-423C-BBDF-79CE9A936887}.Release|Any CPU.ActiveCfg = Release|Any CPU
                {FF727600-00AE-423C-BBDF-79CE9A936887}.Release|Any CPU.Build.0 = Release|Any CPU
                {AC103089-64AD-4B26-A15B-2F84A918CD25}.Debug|Any CPU.ActiveCfg = Debug|Any CPU
                {AC103089-64AD-4B26-A15B-2F84A918CD25}.Debug|Any CPU.Build.0 = Debug|Any CPU
                {AC103089-64AD-4B26-A15B-2F84A918CD25}.Release|Any CPU.ActiveCfg = Release|Any CPU
                {AC103089-64AD-4B26-A15B-2F84A918CD25}.Release|Any CPU.Build.0 = Release|Any CPU
                {CE5E9BC3-FA99-48FA-9D32-A5CFD407FFAA}.Debug|Any CPU.ActiveCfg = Debug|Any CPU
                {CE5E9BC3-FA99-48FA-9D32-A5CFD407FFAA}.Debug|Any CPU.Build.0 = Debug|Any CPU
                {CE5E9BC3-FA99-48FA-9D32-A5CFD407FFAA}.Release|Any CPU.ActiveCfg = Release|Any CPU
                {CE5E9BC3-FA99-48FA-9D32-A5CFD407FFAA}.Release|Any CPU.Build.0 = Release|Any CPU
                {44E051FA-33A2-40AE-9F13-47D40DE71DBD}.Debug|Any CPU.ActiveCfg = Debug|Any CPU
                {44E051FA-33A2-40AE-9F13-47D40DE71DBD}.Debug|Any CPU.Build.0 = Debug|Any CPU
                {44E051FA-33A2-40AE-9F13-47D40DE71DBD}.Release|Any CPU.ActiveCfg = Release|Any CPU
                {44E051FA-33A2-40AE-9F13-47D40DE71DBD}.Release|Any CPU.Build.0 = Release|Any CPU
                {9B9E0E43-9D97-4EC5-90DF-5FF262EE6237}.Debug|Any CPU.ActiveCfg = Debug|Any CPU
                {9B9E0E43-9D97-4EC5-90DF-5FF262EE6237}.Debug|Any CPU.Build.0 = Debug|Any CPU
                {9B9E0E43-9D97-4EC5-90DF-5FF262EE6237}.Release|Any CPU.ActiveCfg = Release|Any CPU
                {9B9E0E43-9D97-4EC5-90DF-5FF262EE6237}.Release|Any CPU.Build.0 = Release|Any CPU
        EndGlobalSection
        GlobalSection(SolutionProperties) = preSolution
		HideSolutionNode = FALSE
	EndGlobalSection
	GlobalSection(NestedProjects) = preSolution
		{AB7D7FE1-A49F-4348-8748-0722CCD78754} = {9FCB158E-82F3-4656-90C3-45A54BFB864D}
		{FFA3015B-5245-4B86-951B-1D94EF3D19E3} = {9FCB158E-82F3-4656-90C3-45A54BFB864D}
		{7D985F11-B9A7-4F50-96A6-FBAC77C40371} = {FFA3015B-5245-4B86-951B-1D94EF3D19E3}
		{B31180E5-479C-4AF9-A199-2692C7480107} = {FFA3015B-5245-4B86-951B-1D94EF3D19E3}
                {5BEE1912-C60A-4659-A148-167B511A7FB2} = {9FCB158E-82F3-4656-90C3-45A54BFB864D}
                {231CAED0-18C1-49D4-8FED-53712F50F9DE} = {9FCB158E-82F3-4656-90C3-45A54BFB864D}
                {FF727600-00AE-423C-BBDF-79CE9A936887} = {9FCB158E-82F3-4656-90C3-45A54BFB864D}
                {AC103089-64AD-4B26-A15B-2F84A918CD25} = {9FCB158E-82F3-4656-90C3-45A54BFB864D}
                {9B9E0E43-9D97-4EC5-90DF-5FF262EE6237} = {9FCB158E-82F3-4656-90C3-45A54BFB864D}
                {CE5E9BC3-FA99-48FA-9D32-A5CFD407FFAA} = {FFA3015B-5245-4B86-951B-1D94EF3D19E3}
                {44E051FA-33A2-40AE-9F13-47D40DE71DBD} = {FFA3015B-5245-4B86-951B-1D94EF3D19E3}
        EndGlobalSection
	GlobalSection(ExtensibilityGlobals) = postSolution
		SolutionGuid = {4C64FC7B-E529-436C-853E-F7D353E38210}
	EndGlobalSection
EndGlobal
